
Microsoft Visual Studio Solution File, Format Version 12.00
# Visual Studio Version 16
VisualStudioVersion = 25.0.1706.0
MinimumVisualStudioVersion = 10.0.40219.1
Project("{FAE04EC0-301F-11D3-BF4B-00C04F79EFBC}") = "TestASP.API", "TestASP.API\TestASP.API.csproj", "{EF85D9D6-9107-4B2F-9A87-AEE8A7E80697}"
EndProject
Project("{FAE04EC0-301F-11D3-BF4B-00C04F79EFBC}") = "TestASP.Domain", "TestASP.Domain\TestASP.Domain.csproj", "{37F2E7A4-6A2D-4D8B-A70E-0C31AF5B569C}"
EndProject
Project("{FAE04EC0-301F-11D3-BF4B-00C04F79EFBC}") = "TestASP.Data", "TestASP.Data\TestASP.Data.csproj", "{5D2F5962-3EA0-4A63-8BB0-DA86A860E09B}"
EndProject
Project("{FAE04EC0-301F-11D3-BF4B-00C04F79EFBC}") = "TestASP.Core", "TestASP.Core\TestASP.Core.csproj", "{4183DDD1-DD80-450D-844F-5925683EA0C2}"
EndProject
Project("{FAE04EC0-301F-11D3-BF4B-00C04F79EFBC}") = "TestASP.Common", "TestASP.Common\TestASP.Common.csproj", "{044C65FA-786A-4174-BAF9-8FDEC24639A1}"
EndProject
Project("{2150E333-8FDC-42A3-9474-1A3956D46DE8}") = "Solution Items", "Solution Items", "{E609B910-F627-481E-A7B8-53CD017EEB42}"
	ProjectSection(SolutionItems) = preProject
		Readme.md = Readme.md
	EndProjectSection
EndProject
Project("{FAE04EC0-301F-11D3-BF4B-00C04F79EFBC}") = "TestASP.BlazorServer", "TestASP.BlazorServer\TestASP.BlazorServer.csproj", "{00FD822B-EDAA-46AA-AEFC-1D92D20C0815}"
EndProject
Project("{FAE04EC0-301F-11D3-BF4B-00C04F79EFBC}") = "TestASP.Model", "TestASP.Model\TestASP.Model.csproj", "{97580164-0B28-484E-90BF-A9C20013A59A}"
EndProject
Project("{FAE04EC0-301F-11D3-BF4B-00C04F79EFBC}") = "TestASP.Web", "TestASP.Web\TestASP.Web.csproj", "{246E9DCF-C168-4075-BEC3-C9982CEB762B}"
EndProject
Global
	GlobalSection(SolutionConfigurationPlatforms) = preSolution
		Debug|Any CPU = Debug|Any CPU
		Release|Any CPU = Release|Any CPU
	EndGlobalSection
	GlobalSection(ProjectConfigurationPlatforms) = postSolution
		{EF85D9D6-9107-4B2F-9A87-AEE8A7E80697}.Debug|Any CPU.ActiveCfg = Debug|Any CPU
		{EF85D9D6-9107-4B2F-9A87-AEE8A7E80697}.Debug|Any CPU.Build.0 = Debug|Any CPU
		{EF85D9D6-9107-4B2F-9A87-AEE8A7E80697}.Release|Any CPU.ActiveCfg = Release|Any CPU
		{EF85D9D6-9107-4B2F-9A87-AEE8A7E80697}.Release|Any CPU.Build.0 = Release|Any CPU
		{37F2E7A4-6A2D-4D8B-A70E-0C31AF5B569C}.Debug|Any CPU.ActiveCfg = Debug|Any CPU
		{37F2E7A4-6A2D-4D8B-A70E-0C31AF5B569C}.Debug|Any CPU.Build.0 = Debug|Any CPU
		{37F2E7A4-6A2D-4D8B-A70E-0C31AF5B569C}.Release|Any CPU.ActiveCfg = Release|Any CPU
		{37F2E7A4-6A2D-4D8B-A70E-0C31AF5B569C}.Release|Any CPU.Build.0 = Release|Any CPU
		{5D2F5962-3EA0-4A63-8BB0-DA86A860E09B}.Debug|Any CPU.ActiveCfg = Debug|Any CPU
		{5D2F5962-3EA0-4A63-8BB0-DA86A860E09B}.Debug|Any CPU.Build.0 = Debug|Any CPU
		{5D2F5962-3EA0-4A63-8BB0-DA86A860E09B}.Release|Any CPU.ActiveCfg = Release|Any CPU
		{5D2F5962-3EA0-4A63-8BB0-DA86A860E09B}.Release|Any CPU.Build.0 = Release|Any CPU
		{4183DDD1-DD80-450D-844F-5925683EA0C2}.Debug|Any CPU.ActiveCfg = Debug|Any CPU
		{4183DDD1-DD80-450D-844F-5925683EA0C2}.Debug|Any CPU.Build.0 = Debug|Any CPU
		{4183DDD1-DD80-450D-844F-5925683EA0C2}.Release|Any CPU.ActiveCfg = Release|Any CPU
		{4183DDD1-DD80-450D-844F-5925683EA0C2}.Release|Any CPU.Build.0 = Release|Any CPU
		{044C65FA-786A-4174-BAF9-8FDEC24639A1}.Debug|Any CPU.ActiveCfg = Debug|Any CPU
		{044C65FA-786A-4174-BAF9-8FDEC24639A1}.Debug|Any CPU.Build.0 = Debug|Any CPU
		{044C65FA-786A-4174-BAF9-8FDEC24639A1}.Release|Any CPU.ActiveCfg = Release|Any CPU
		{044C65FA-786A-4174-BAF9-8FDEC24639A1}.Release|Any CPU.Build.0 = Release|Any CPU
		{00FD822B-EDAA-46AA-AEFC-1D92D20C0815}.Debug|Any CPU.ActiveCfg = Debug|Any CPU
		{00FD822B-EDAA-46AA-AEFC-1D92D20C0815}.Debug|Any CPU.Build.0 = Debug|Any CPU
		{00FD822B-EDAA-46AA-AEFC-1D92D20C0815}.Release|Any CPU.ActiveCfg = Release|Any CPU
		{00FD822B-EDAA-46AA-AEFC-1D92D20C0815}.Release|Any CPU.Build.0 = Release|Any CPU
		{97580164-0B28-484E-90BF-A9C20013A59A}.Debug|Any CPU.ActiveCfg = Debug|Any CPU
		{97580164-0B28-484E-90BF-A9C20013A59A}.Debug|Any CPU.Build.0 = Debug|Any CPU
		{97580164-0B28-484E-90BF-A9C20013A59A}.Release|Any CPU.ActiveCfg = Release|Any CPU
		{97580164-0B28-484E-90BF-A9C20013A59A}.Release|Any CPU.Build.0 = Release|Any CPU
		{246E9DCF-C168-4075-BEC3-C9982CEB762B}.Debug|Any CPU.ActiveCfg = Debug|Any CPU
		{246E9DCF-C168-4075-BEC3-C9982CEB762B}.Debug|Any CPU.Build.0 = Debug|Any CPU
		{246E9DCF-C168-4075-BEC3-C9982CEB762B}.Release|Any CPU.ActiveCfg = Release|Any CPU
		{246E9DCF-C168-4075-BEC3-C9982CEB762B}.Release|Any CPU.Build.0 = Release|Any CPU
	EndGlobalSection
	GlobalSection(SolutionProperties) = preSolution
		HideSolutionNode = FALSE
	EndGlobalSection
	GlobalSection(ExtensibilityGlobals) = postSolution
		SolutionGuid = {825BCD7A-CC46-415A-878C-D135EA405C57}
	EndGlobalSection
EndGlobal
