
Microsoft Visual Studio Solution File, Format Version 12.00
# Visual Studio Version 16
VisualStudioVersion = 25.0.1706.0
MinimumVisualStudioVersion = 10.0.40219.1
Project("{FAE04EC0-301F-11D3-BF4B-00C04F79EFBC}") = "TestASP.API", "TestASP.API\TestASP.API.csproj", "{EF85D9D6-9107-4B2F-9A87-AEE8A7E80697}"
EndProject
Global
	GlobalSection(SolutionConfigurationPlatforms) = preSolution
		Debug|Any CPU = Debug|Any CPU
		Release|Any CPU = Release|Any CPU
	EndGlobalSection
	GlobalSection(ProjectConfigurationPlatforms) = postSolution
		{EF85D9D6-9107-4B2F-9A87-AEE8A7E80697}.Debug|Any CPU.ActiveCfg = Debug|Any CPU
		{EF85D9D6-9107-4B2F-9A87-AEE8A7E80697}.Debug|Any CPU.Build.0 = Debug|Any CPU
		{EF85D9D6-9107-4B2F-9A87-AEE8A7E80697}.Release|Any CPU.ActiveCfg = Release|Any CPU
		{EF85D9D6-9107-4B2F-9A87-AEE8A7E80697}.Release|Any CPU.Build.0 = Release|Any CPU
	EndGlobalSection
	GlobalSection(SolutionProperties) = preSolution
		HideSolutionNode = FALSE
	EndGlobalSection
	GlobalSection(ExtensibilityGlobals) = postSolution
		SolutionGuid = {825BCD7A-CC46-415A-878C-D135EA405C57}
	EndGlobalSection
EndGlobal
